// !$*UTF8*$!
{
	archiveVersion = 1;
	classes = {
	};
	objectVersion = 46;
	objects = {

/* Begin PBXBuildFile section */
		358BCFA61DB25E170007BF2F /* Audio.swift in Sources */ = {isa = PBXBuildFile; fileRef = 358BCFA51DB25E170007BF2F /* Audio.swift */; };
		358BCFA81DB25E220007BF2F /* Image.swift in Sources */ = {isa = PBXBuildFile; fileRef = 358BCFA71DB25E220007BF2F /* Image.swift */; };
		3592BA4B1DB17582009D9F43 /* AppDelegate.swift in Sources */ = {isa = PBXBuildFile; fileRef = 3592BA4A1DB17582009D9F43 /* AppDelegate.swift */; };
		3592BA4D1DB17582009D9F43 /* IndexViewController.swift in Sources */ = {isa = PBXBuildFile; fileRef = 3592BA4C1DB17582009D9F43 /* IndexViewController.swift */; };
		3592BA4F1DB17582009D9F43 /* SecondViewController.swift in Sources */ = {isa = PBXBuildFile; fileRef = 3592BA4E1DB17582009D9F43 /* SecondViewController.swift */; };
		3592BA521DB17582009D9F43 /* Main.storyboard in Resources */ = {isa = PBXBuildFile; fileRef = 3592BA501DB17582009D9F43 /* Main.storyboard */; };
		3592BA541DB17582009D9F43 /* Assets.xcassets in Resources */ = {isa = PBXBuildFile; fileRef = 3592BA531DB17582009D9F43 /* Assets.xcassets */; };
		3592BA571DB17582009D9F43 /* LaunchScreen.storyboard in Resources */ = {isa = PBXBuildFile; fileRef = 3592BA551DB17582009D9F43 /* LaunchScreen.storyboard */; };
		35B720B21DB177DD00F5C10F /* R.generated.swift in Sources */ = {isa = PBXBuildFile; fileRef = 35B720B11DB177DD00F5C10F /* R.generated.swift */; };
		35CB0D501DB17D7C00A44D32 /* HttpClient.swift in Sources */ = {isa = PBXBuildFile; fileRef = 35CB0D4F1DB17D7C00A44D32 /* HttpClient.swift */; };
		35CB0D521DB17DD500A44D32 /* ServiceProxy.swift in Sources */ = {isa = PBXBuildFile; fileRef = 35CB0D511DB17DD500A44D32 /* ServiceProxy.swift */; };
		35CB0D551DB17F3700A44D32 /* MainViewController.swift in Sources */ = {isa = PBXBuildFile; fileRef = 35CB0D541DB17F3700A44D32 /* MainViewController.swift */; };
		35CB0D571DB180AA00A44D32 /* Index.storyboard in Resources */ = {isa = PBXBuildFile; fileRef = 35CB0D561DB180AA00A44D32 /* Index.storyboard */; };
		35CB0D5B1DB1811600A44D32 /* ControlViewController.swift in Sources */ = {isa = PBXBuildFile; fileRef = 35CB0D5A1DB1811600A44D32 /* ControlViewController.swift */; };
		35CB0D5D1DB1814500A44D32 /* Account.storyboard in Resources */ = {isa = PBXBuildFile; fileRef = 35CB0D5C1DB1814500A44D32 /* Account.storyboard */; };
		35CB0D5F1DB1815700A44D32 /* Control.storyboard in Resources */ = {isa = PBXBuildFile; fileRef = 35CB0D5E1DB1815700A44D32 /* Control.storyboard */; };
		35CB0D611DB1816C00A44D32 /* AccountViewController.swift in Sources */ = {isa = PBXBuildFile; fileRef = 35CB0D601DB1816C00A44D32 /* AccountViewController.swift */; };
		35CB0D631DB1840B00A44D32 /* IndexTableViewDelegate.swift in Sources */ = {isa = PBXBuildFile; fileRef = 35CB0D621DB1840B00A44D32 /* IndexTableViewDelegate.swift */; };
		35CB0D651DB1842600A44D32 /* IndexTableViewCell.swift in Sources */ = {isa = PBXBuildFile; fileRef = 35CB0D641DB1842600A44D32 /* IndexTableViewCell.swift */; };
		35CB0D681DB1867B00A44D32 /* ObjectDetailViewController.swift in Sources */ = {isa = PBXBuildFile; fileRef = 35CB0D671DB1867B00A44D32 /* ObjectDetailViewController.swift */; };
		35CB0D6A1DB190DC00A44D32 /* UIVIewController+Extension.swift in Sources */ = {isa = PBXBuildFile; fileRef = 35CB0D691DB190DC00A44D32 /* UIVIewController+Extension.swift */; };
		35DAF7651DB2653E00A7D6E4 /* ImageTest.swift in Sources */ = {isa = PBXBuildFile; fileRef = 35DAF7641DB2653E00A7D6E4 /* ImageTest.swift */; };
		35DAF7671DB27BEC00A7D6E4 /* EmotionJSON.swift in Sources */ = {isa = PBXBuildFile; fileRef = 35DAF7661DB27BEC00A7D6E4 /* EmotionJSON.swift */; };
		35E189AA1DB2232C007E5624 /* AnimateButton.swift in Sources */ = {isa = PBXBuildFile; fileRef = 35E189A91DB2232C007E5624 /* AnimateButton.swift */; };
		35E2D4141DB253C600E8E543 /* Device.swift in Sources */ = {isa = PBXBuildFile; fileRef = 35E2D4131DB253C600E8E543 /* Device.swift */; };
		B1EFA64C3934BA274D5ED748 /* Pods_clevhome.framework in Frameworks */ = {isa = PBXBuildFile; fileRef = A12A791AB0479F2C682797C5 /* Pods_clevhome.framework */; };
/* End PBXBuildFile section */

/* Begin PBXFileReference section */
		358BCFA51DB25E170007BF2F /* Audio.swift */ = {isa = PBXFileReference; fileEncoding = 4; lastKnownFileType = sourcecode.swift; name = Audio.swift; path = Control/Audio.swift; sourceTree = "<group>"; };
		358BCFA71DB25E220007BF2F /* Image.swift */ = {isa = PBXFileReference; fileEncoding = 4; lastKnownFileType = sourcecode.swift; name = Image.swift; path = Control/Image.swift; sourceTree = "<group>"; };
		3592BA471DB17582009D9F43 /* clevhome.app */ = {isa = PBXFileReference; explicitFileType = wrapper.application; includeInIndex = 0; path = clevhome.app; sourceTree = BUILT_PRODUCTS_DIR; };
		3592BA4A1DB17582009D9F43 /* AppDelegate.swift */ = {isa = PBXFileReference; lastKnownFileType = sourcecode.swift; path = AppDelegate.swift; sourceTree = "<group>"; };
		3592BA4C1DB17582009D9F43 /* IndexViewController.swift */ = {isa = PBXFileReference; lastKnownFileType = sourcecode.swift; path = IndexViewController.swift; sourceTree = "<group>"; };
		3592BA4E1DB17582009D9F43 /* SecondViewController.swift */ = {isa = PBXFileReference; lastKnownFileType = sourcecode.swift; path = SecondViewController.swift; sourceTree = "<group>"; };
		3592BA511DB17582009D9F43 /* Base */ = {isa = PBXFileReference; lastKnownFileType = file.storyboard; name = Base; path = Base.lproj/Main.storyboard; sourceTree = "<group>"; };
		3592BA531DB17582009D9F43 /* Assets.xcassets */ = {isa = PBXFileReference; lastKnownFileType = folder.assetcatalog; path = Assets.xcassets; sourceTree = "<group>"; };
		3592BA561DB17582009D9F43 /* Base */ = {isa = PBXFileReference; lastKnownFileType = file.storyboard; name = Base; path = Base.lproj/LaunchScreen.storyboard; sourceTree = "<group>"; };
		3592BA581DB17582009D9F43 /* Info.plist */ = {isa = PBXFileReference; lastKnownFileType = text.plist.xml; path = Info.plist; sourceTree = "<group>"; };
		35B720B11DB177DD00F5C10F /* R.generated.swift */ = {isa = PBXFileReference; fileEncoding = 4; lastKnownFileType = sourcecode.swift; path = R.generated.swift; sourceTree = SOURCE_ROOT; };
		35CB0D4F1DB17D7C00A44D32 /* HttpClient.swift */ = {isa = PBXFileReference; fileEncoding = 4; lastKnownFileType = sourcecode.swift; name = HttpClient.swift; path = Network/HttpClient.swift; sourceTree = "<group>"; };
		35CB0D511DB17DD500A44D32 /* ServiceProxy.swift */ = {isa = PBXFileReference; fileEncoding = 4; lastKnownFileType = sourcecode.swift; name = ServiceProxy.swift; path = Network/ServiceProxy.swift; sourceTree = "<group>"; };
		35CB0D541DB17F3700A44D32 /* MainViewController.swift */ = {isa = PBXFileReference; fileEncoding = 4; lastKnownFileType = sourcecode.swift; name = MainViewController.swift; path = Main/MainViewController.swift; sourceTree = "<group>"; };
		35CB0D561DB180AA00A44D32 /* Index.storyboard */ = {isa = PBXFileReference; fileEncoding = 4; lastKnownFileType = file.storyboard; name = Index.storyboard; path = Index/Index.storyboard; sourceTree = "<group>"; };
		35CB0D5A1DB1811600A44D32 /* ControlViewController.swift */ = {isa = PBXFileReference; fileEncoding = 4; lastKnownFileType = sourcecode.swift; name = ControlViewController.swift; path = Control/ControlViewController.swift; sourceTree = "<group>"; };
		35CB0D5C1DB1814500A44D32 /* Account.storyboard */ = {isa = PBXFileReference; fileEncoding = 4; lastKnownFileType = file.storyboard; name = Account.storyboard; path = Account/Account.storyboard; sourceTree = "<group>"; };
		35CB0D5E1DB1815700A44D32 /* Control.storyboard */ = {isa = PBXFileReference; fileEncoding = 4; lastKnownFileType = file.storyboard; name = Control.storyboard; path = Control/Control.storyboard; sourceTree = "<group>"; };
		35CB0D601DB1816C00A44D32 /* AccountViewController.swift */ = {isa = PBXFileReference; fileEncoding = 4; lastKnownFileType = sourcecode.swift; name = AccountViewController.swift; path = Account/AccountViewController.swift; sourceTree = "<group>"; };
		35CB0D621DB1840B00A44D32 /* IndexTableViewDelegate.swift */ = {isa = PBXFileReference; fileEncoding = 4; lastKnownFileType = sourcecode.swift; name = IndexTableViewDelegate.swift; path = Index/IndexTableViewDelegate.swift; sourceTree = "<group>"; };
		35CB0D641DB1842600A44D32 /* IndexTableViewCell.swift */ = {isa = PBXFileReference; fileEncoding = 4; lastKnownFileType = sourcecode.swift; name = IndexTableViewCell.swift; path = Index/IndexTableViewCell.swift; sourceTree = "<group>"; };
		35CB0D671DB1867B00A44D32 /* ObjectDetailViewController.swift */ = {isa = PBXFileReference; fileEncoding = 4; lastKnownFileType = sourcecode.swift; name = ObjectDetailViewController.swift; path = Index/ObjectDetailViewController.swift; sourceTree = "<group>"; };
		35CB0D691DB190DC00A44D32 /* UIVIewController+Extension.swift */ = {isa = PBXFileReference; fileEncoding = 4; lastKnownFileType = sourcecode.swift; path = "UIVIewController+Extension.swift"; sourceTree = "<group>"; };
		35DAF7641DB2653E00A7D6E4 /* ImageTest.swift */ = {isa = PBXFileReference; fileEncoding = 4; lastKnownFileType = sourcecode.swift; name = ImageTest.swift; path = Network/ImageTest.swift; sourceTree = "<group>"; };
		35DAF7661DB27BEC00A7D6E4 /* EmotionJSON.swift */ = {isa = PBXFileReference; fileEncoding = 4; lastKnownFileType = sourcecode.swift; name = EmotionJSON.swift; path = Model/EmotionJSON.swift; sourceTree = "<group>"; };
		35E189A91DB2232C007E5624 /* AnimateButton.swift */ = {isa = PBXFileReference; fileEncoding = 4; lastKnownFileType = sourcecode.swift; name = AnimateButton.swift; path = Control/AnimateButton.swift; sourceTree = "<group>"; };
		35E2D4131DB253C600E8E543 /* Device.swift */ = {isa = PBXFileReference; fileEncoding = 4; lastKnownFileType = sourcecode.swift; name = Device.swift; path = Model/Device.swift; sourceTree = "<group>"; };
		A12A791AB0479F2C682797C5 /* Pods_clevhome.framework */ = {isa = PBXFileReference; explicitFileType = wrapper.framework; includeInIndex = 0; path = Pods_clevhome.framework; sourceTree = BUILT_PRODUCTS_DIR; };
		A83DF3DFE7FAB2755AF518DC /* Pods-clevhome.release.xcconfig */ = {isa = PBXFileReference; includeInIndex = 1; lastKnownFileType = text.xcconfig; name = "Pods-clevhome.release.xcconfig"; path = "Pods/Target Support Files/Pods-clevhome/Pods-clevhome.release.xcconfig"; sourceTree = "<group>"; };
		F0CA5017E15D5CC4C1B5395E /* Pods-clevhome.debug.xcconfig */ = {isa = PBXFileReference; includeInIndex = 1; lastKnownFileType = text.xcconfig; name = "Pods-clevhome.debug.xcconfig"; path = "Pods/Target Support Files/Pods-clevhome/Pods-clevhome.debug.xcconfig"; sourceTree = "<group>"; };
/* End PBXFileReference section */

/* Begin PBXFrameworksBuildPhase section */
		3592BA441DB17581009D9F43 /* Frameworks */ = {
			isa = PBXFrameworksBuildPhase;
			buildActionMask = 2147483647;
			files = (
				B1EFA64C3934BA274D5ED748 /* Pods_clevhome.framework in Frameworks */,
			);
			runOnlyForDeploymentPostprocessing = 0;
		};
/* End PBXFrameworksBuildPhase section */

/* Begin PBXGroup section */
		09B17D6953CEC78D14B07AB5 /* Pods */ = {
			isa = PBXGroup;
			children = (
				F0CA5017E15D5CC4C1B5395E /* Pods-clevhome.debug.xcconfig */,
				A83DF3DFE7FAB2755AF518DC /* Pods-clevhome.release.xcconfig */,
			);
			name = Pods;
			sourceTree = "<group>";
		};
		3592BA3E1DB17581009D9F43 = {
			isa = PBXGroup;
			children = (
				3592BA491DB17582009D9F43 /* clevhome */,
				3592BA481DB17582009D9F43 /* Products */,
				09B17D6953CEC78D14B07AB5 /* Pods */,
				A6EEA0B3038D54BCB8C45CE0 /* Frameworks */,
			);
			sourceTree = "<group>";
		};
		3592BA481DB17582009D9F43 /* Products */ = {
			isa = PBXGroup;
			children = (
				3592BA471DB17582009D9F43 /* clevhome.app */,
			);
			name = Products;
			sourceTree = "<group>";
		};
		3592BA491DB17582009D9F43 /* clevhome */ = {
			isa = PBXGroup;
			children = (
				35E2D4121DB253AB00E8E543 /* Model */,
				35B720B01DB177AD00F5C10F /* Tools */,
				35CB0D4E1DB17D6600A44D32 /* Network */,
				35CB0D531DB17F1300A44D32 /* Main */,
				35CB0D4D1DB17D0D00A44D32 /* Index */,
				35CB0D581DB180DF00A44D32 /* control */,
				35CB0D591DB180EB00A44D32 /* account */,
				3592BA4A1DB17582009D9F43 /* AppDelegate.swift */,
				3592BA4E1DB17582009D9F43 /* SecondViewController.swift */,
				3592BA501DB17582009D9F43 /* Main.storyboard */,
				3592BA531DB17582009D9F43 /* Assets.xcassets */,
				3592BA551DB17582009D9F43 /* LaunchScreen.storyboard */,
				3592BA581DB17582009D9F43 /* Info.plist */,
				35CB0D691DB190DC00A44D32 /* UIVIewController+Extension.swift */,
			);
			path = clevhome;
			sourceTree = "<group>";
		};
		35B720B01DB177AD00F5C10F /* Tools */ = {
			isa = PBXGroup;
			children = (
				35B720B11DB177DD00F5C10F /* R.generated.swift */,
			);
			name = Tools;
			sourceTree = "<group>";
		};
		35CB0D4D1DB17D0D00A44D32 /* Index */ = {
			isa = PBXGroup;
			children = (
				3592BA4C1DB17582009D9F43 /* IndexViewController.swift */,
				35CB0D641DB1842600A44D32 /* IndexTableViewCell.swift */,
				35CB0D561DB180AA00A44D32 /* Index.storyboard */,
				35CB0D621DB1840B00A44D32 /* IndexTableViewDelegate.swift */,
				35CB0D661DB1863F00A44D32 /* ObjectDetail */,
			);
			name = Index;
			sourceTree = "<group>";
		};
		35CB0D4E1DB17D6600A44D32 /* Network */ = {
			isa = PBXGroup;
			children = (
				35CB0D4F1DB17D7C00A44D32 /* HttpClient.swift */,
				35CB0D511DB17DD500A44D32 /* ServiceProxy.swift */,
				35DAF7641DB2653E00A7D6E4 /* ImageTest.swift */,
			);
			name = Network;
			sourceTree = "<group>";
		};
		35CB0D531DB17F1300A44D32 /* Main */ = {
			isa = PBXGroup;
			children = (
				35CB0D541DB17F3700A44D32 /* MainViewController.swift */,
			);
			name = Main;
			sourceTree = "<group>";
		};
		35CB0D581DB180DF00A44D32 /* control */ = {
			isa = PBXGroup;
			children = (
				35CB0D5A1DB1811600A44D32 /* ControlViewController.swift */,
				35CB0D5E1DB1815700A44D32 /* Control.storyboard */,
				35E189A91DB2232C007E5624 /* AnimateButton.swift */,
				358BCFA51DB25E170007BF2F /* Audio.swift */,
				358BCFA71DB25E220007BF2F /* Image.swift */,
			);
			name = control;
			sourceTree = "<group>";
		};
		35CB0D591DB180EB00A44D32 /* account */ = {
			isa = PBXGroup;
			children = (
				35CB0D5C1DB1814500A44D32 /* Account.storyboard */,
				35CB0D601DB1816C00A44D32 /* AccountViewController.swift */,
			);
			name = account;
			sourceTree = "<group>";
		};
		35CB0D661DB1863F00A44D32 /* ObjectDetail */ = {
			isa = PBXGroup;
			children = (
				35CB0D671DB1867B00A44D32 /* ObjectDetailViewController.swift */,
			);
			name = ObjectDetail;
			sourceTree = "<group>";
		};
		35E2D4121DB253AB00E8E543 /* Model */ = {
			isa = PBXGroup;
			children = (
				35E2D4131DB253C600E8E543 /* Device.swift */,
				35DAF7661DB27BEC00A7D6E4 /* EmotionJSON.swift */,
			);
			name = Model;
			sourceTree = "<group>";
		};
		A6EEA0B3038D54BCB8C45CE0 /* Frameworks */ = {
			isa = PBXGroup;
			children = (
				A12A791AB0479F2C682797C5 /* Pods_clevhome.framework */,
			);
			name = Frameworks;
			sourceTree = "<group>";
		};
/* End PBXGroup section */

/* Begin PBXNativeTarget section */
		3592BA461DB17581009D9F43 /* clevhome */ = {
			isa = PBXNativeTarget;
			buildConfigurationList = 3592BA5B1DB17582009D9F43 /* Build configuration list for PBXNativeTarget "clevhome" */;
			buildPhases = (
				41C2BA6DE7AFB3FA7A0B5F11 /* [CP] Check Pods Manifest.lock */,
				35B720AF1DB1773C00F5C10F /* R.swift */,
				3592BA431DB17581009D9F43 /* Sources */,
				3592BA441DB17581009D9F43 /* Frameworks */,
				3592BA451DB17581009D9F43 /* Resources */,
				3E2A0AD0AE874800A2F458B6 /* [CP] Embed Pods Frameworks */,
				2FA8543BAFD7BA91B8D8C737 /* [CP] Copy Pods Resources */,
			);
			buildRules = (
			);
			dependencies = (
			);
			name = clevhome;
			productName = clevhome;
			productReference = 3592BA471DB17582009D9F43 /* clevhome.app */;
			productType = "com.apple.product-type.application";
		};
/* End PBXNativeTarget section */

/* Begin PBXProject section */
		3592BA3F1DB17581009D9F43 /* Project object */ = {
			isa = PBXProject;
			attributes = {
				LastSwiftUpdateCheck = 0800;
				LastUpgradeCheck = 0800;
				ORGANIZATIONNAME = Hydrogen;
				TargetAttributes = {
					3592BA461DB17581009D9F43 = {
						CreatedOnToolsVersion = 8.0;
						DevelopmentTeam = 93UBSK8PYK;
						ProvisioningStyle = Automatic;
					};
				};
			};
			buildConfigurationList = 3592BA421DB17581009D9F43 /* Build configuration list for PBXProject "clevhome" */;
			compatibilityVersion = "Xcode 3.2";
			developmentRegion = English;
			hasScannedForEncodings = 0;
			knownRegions = (
				en,
				Base,
			);
			mainGroup = 3592BA3E1DB17581009D9F43;
			productRefGroup = 3592BA481DB17582009D9F43 /* Products */;
			projectDirPath = "";
			projectRoot = "";
			targets = (
				3592BA461DB17581009D9F43 /* clevhome */,
			);
		};
/* End PBXProject section */

/* Begin PBXResourcesBuildPhase section */
		3592BA451DB17581009D9F43 /* Resources */ = {
			isa = PBXResourcesBuildPhase;
			buildActionMask = 2147483647;
			files = (
				35CB0D5F1DB1815700A44D32 /* Control.storyboard in Resources */,
				3592BA571DB17582009D9F43 /* LaunchScreen.storyboard in Resources */,
				3592BA541DB17582009D9F43 /* Assets.xcassets in Resources */,
				35CB0D5D1DB1814500A44D32 /* Account.storyboard in Resources */,
				3592BA521DB17582009D9F43 /* Main.storyboard in Resources */,
				35CB0D571DB180AA00A44D32 /* Index.storyboard in Resources */,
			);
			runOnlyForDeploymentPostprocessing = 0;
		};
/* End PBXResourcesBuildPhase section */

/* Begin PBXShellScriptBuildPhase section */
		2FA8543BAFD7BA91B8D8C737 /* [CP] Copy Pods Resources */ = {
			isa = PBXShellScriptBuildPhase;
			buildActionMask = 2147483647;
			files = (
			);
			inputPaths = (
			);
			name = "[CP] Copy Pods Resources";
			outputPaths = (
			);
			runOnlyForDeploymentPostprocessing = 0;
			shellPath = /bin/sh;
			shellScript = "\"${SRCROOT}/Pods/Target Support Files/Pods-clevhome/Pods-clevhome-resources.sh\"\n";
			showEnvVarsInLog = 0;
		};
		35B720AF1DB1773C00F5C10F /* R.swift */ = {
			isa = PBXShellScriptBuildPhase;
			buildActionMask = 2147483647;
			files = (
			);
			inputPaths = (
			);
			name = R.swift;
			outputPaths = (
			);
			runOnlyForDeploymentPostprocessing = 0;
			shellPath = /bin/sh;
			shellScript = "\"$PODS_ROOT/R.swift/rswift\" \"$SRCROOT\"";
		};
		3E2A0AD0AE874800A2F458B6 /* [CP] Embed Pods Frameworks */ = {
			isa = PBXShellScriptBuildPhase;
			buildActionMask = 2147483647;
			files = (
			);
			inputPaths = (
			);
			name = "[CP] Embed Pods Frameworks";
			outputPaths = (
			);
			runOnlyForDeploymentPostprocessing = 0;
			shellPath = /bin/sh;
			shellScript = "\"${SRCROOT}/Pods/Target Support Files/Pods-clevhome/Pods-clevhome-frameworks.sh\"\n";
			showEnvVarsInLog = 0;
		};
		41C2BA6DE7AFB3FA7A0B5F11 /* [CP] Check Pods Manifest.lock */ = {
			isa = PBXShellScriptBuildPhase;
			buildActionMask = 2147483647;
			files = (
			);
			inputPaths = (
			);
			name = "[CP] Check Pods Manifest.lock";
			outputPaths = (
			);
			runOnlyForDeploymentPostprocessing = 0;
			shellPath = /bin/sh;
			shellScript = "diff \"${PODS_ROOT}/../Podfile.lock\" \"${PODS_ROOT}/Manifest.lock\" > /dev/null\nif [[ $? != 0 ]] ; then\n    cat << EOM\nerror: The sandbox is not in sync with the Podfile.lock. Run 'pod install' or update your CocoaPods installation.\nEOM\n    exit 1\nfi\n";
			showEnvVarsInLog = 0;
		};
/* End PBXShellScriptBuildPhase section */

/* Begin PBXSourcesBuildPhase section */
		3592BA431DB17581009D9F43 /* Sources */ = {
			isa = PBXSourcesBuildPhase;
			buildActionMask = 2147483647;
			files = (
				35CB0D6A1DB190DC00A44D32 /* UIVIewController+Extension.swift in Sources */,
				35E189AA1DB2232C007E5624 /* AnimateButton.swift in Sources */,
				35CB0D681DB1867B00A44D32 /* ObjectDetailViewController.swift in Sources */,
				35CB0D551DB17F3700A44D32 /* MainViewController.swift in Sources */,
				35CB0D631DB1840B00A44D32 /* IndexTableViewDelegate.swift in Sources */,
				35CB0D651DB1842600A44D32 /* IndexTableViewCell.swift in Sources */,
				35CB0D501DB17D7C00A44D32 /* HttpClient.swift in Sources */,
				3592BA4F1DB17582009D9F43 /* SecondViewController.swift in Sources */,
				358BCFA61DB25E170007BF2F /* Audio.swift in Sources */,
				35DAF7651DB2653E00A7D6E4 /* ImageTest.swift in Sources */,
				3592BA4B1DB17582009D9F43 /* AppDelegate.swift in Sources */,
				35E2D4141DB253C600E8E543 /* Device.swift in Sources */,
				35DAF7671DB27BEC00A7D6E4 /* EmotionJSON.swift in Sources */,
				358BCFA81DB25E220007BF2F /* Image.swift in Sources */,
				3592BA4D1DB17582009D9F43 /* IndexViewController.swift in Sources */,
				35CB0D521DB17DD500A44D32 /* ServiceProxy.swift in Sources */,
				35B720B21DB177DD00F5C10F /* R.generated.swift in Sources */,
				35CB0D5B1DB1811600A44D32 /* ControlViewController.swift in Sources */,
				35CB0D611DB1816C00A44D32 /* AccountViewController.swift in Sources */,
			);
			runOnlyForDeploymentPostprocessing = 0;
		};
/* End PBXSourcesBuildPhase section */

/* Begin PBXVariantGroup section */
		3592BA501DB17582009D9F43 /* Main.storyboard */ = {
			isa = PBXVariantGroup;
			children = (
				3592BA511DB17582009D9F43 /* Base */,
			);
			name = Main.storyboard;
			sourceTree = "<group>";
		};
		3592BA551DB17582009D9F43 /* LaunchScreen.storyboard */ = {
			isa = PBXVariantGroup;
			children = (
				3592BA561DB17582009D9F43 /* Base */,
			);
			name = LaunchScreen.storyboard;
			sourceTree = "<group>";
		};
/* End PBXVariantGroup section */

/* Begin XCBuildConfiguration section */
		3592BA591DB17582009D9F43 /* Debug */ = {
			isa = XCBuildConfiguration;
			buildSettings = {
				ALWAYS_SEARCH_USER_PATHS = NO;
				CLANG_ANALYZER_NONNULL = YES;
				CLANG_CXX_LANGUAGE_STANDARD = "gnu++0x";
				CLANG_CXX_LIBRARY = "libc++";
				CLANG_ENABLE_MODULES = YES;
				CLANG_ENABLE_OBJC_ARC = YES;
				CLANG_WARN_BOOL_CONVERSION = YES;
				CLANG_WARN_CONSTANT_CONVERSION = YES;
				CLANG_WARN_DIRECT_OBJC_ISA_USAGE = YES_ERROR;
				CLANG_WARN_DOCUMENTATION_COMMENTS = YES;
				CLANG_WARN_EMPTY_BODY = YES;
				CLANG_WARN_ENUM_CONVERSION = YES;
				CLANG_WARN_INFINITE_RECURSION = YES;
				CLANG_WARN_INT_CONVERSION = YES;
				CLANG_WARN_OBJC_ROOT_CLASS = YES_ERROR;
				CLANG_WARN_SUSPICIOUS_MOVE = YES;
				CLANG_WARN_SUSPICIOUS_MOVES = YES;
				CLANG_WARN_UNREACHABLE_CODE = YES;
				CLANG_WARN__DUPLICATE_METHOD_MATCH = YES;
				"CODE_SIGN_IDENTITY[sdk=iphoneos*]" = "iPhone Developer";
				COPY_PHASE_STRIP = NO;
				DEBUG_INFORMATION_FORMAT = dwarf;
				ENABLE_STRICT_OBJC_MSGSEND = YES;
				ENABLE_TESTABILITY = YES;
				GCC_C_LANGUAGE_STANDARD = gnu99;
				GCC_DYNAMIC_NO_PIC = NO;
				GCC_NO_COMMON_BLOCKS = YES;
				GCC_OPTIMIZATION_LEVEL = 0;
				GCC_PREPROCESSOR_DEFINITIONS = (
					"DEBUG=1",
					"$(inherited)",
				);
				GCC_WARN_64_TO_32_BIT_CONVERSION = YES;
				GCC_WARN_ABOUT_RETURN_TYPE = YES_ERROR;
				GCC_WARN_UNDECLARED_SELECTOR = YES;
				GCC_WARN_UNINITIALIZED_AUTOS = YES_AGGRESSIVE;
				GCC_WARN_UNUSED_FUNCTION = YES;
				GCC_WARN_UNUSED_VARIABLE = YES;
				IPHONEOS_DEPLOYMENT_TARGET = 10.0;
				MTL_ENABLE_DEBUG_INFO = YES;
				ONLY_ACTIVE_ARCH = YES;
				SDKROOT = iphoneos;
				SWIFT_ACTIVE_COMPILATION_CONDITIONS = DEBUG;
				SWIFT_OPTIMIZATION_LEVEL = "-Onone";
			};
			name = Debug;
		};
		3592BA5A1DB17582009D9F43 /* Release */ = {
			isa = XCBuildConfiguration;
			buildSettings = {
				ALWAYS_SEARCH_USER_PATHS = NO;
				CLANG_ANALYZER_NONNULL = YES;
				CLANG_CXX_LANGUAGE_STANDARD = "gnu++0x";
				CLANG_CXX_LIBRARY = "libc++";
				CLANG_ENABLE_MODULES = YES;
				CLANG_ENABLE_OBJC_ARC = YES;
				CLANG_WARN_BOOL_CONVERSION = YES;
				CLANG_WARN_CONSTANT_CONVERSION = YES;
				CLANG_WARN_DIRECT_OBJC_ISA_USAGE = YES_ERROR;
				CLANG_WARN_DOCUMENTATION_COMMENTS = YES;
				CLANG_WARN_EMPTY_BODY = YES;
				CLANG_WARN_ENUM_CONVERSION = YES;
				CLANG_WARN_INFINITE_RECURSION = YES;
				CLANG_WARN_INT_CONVERSION = YES;
				CLANG_WARN_OBJC_ROOT_CLASS = YES_ERROR;
				CLANG_WARN_SUSPICIOUS_MOVE = YES;
				CLANG_WARN_SUSPICIOUS_MOVES = YES;
				CLANG_WARN_UNREACHABLE_CODE = YES;
				CLANG_WARN__DUPLICATE_METHOD_MATCH = YES;
				"CODE_SIGN_IDENTITY[sdk=iphoneos*]" = "iPhone Developer";
				COPY_PHASE_STRIP = NO;
				DEBUG_INFORMATION_FORMAT = "dwarf-with-dsym";
				ENABLE_NS_ASSERTIONS = NO;
				ENABLE_STRICT_OBJC_MSGSEND = YES;
				GCC_C_LANGUAGE_STANDARD = gnu99;
				GCC_NO_COMMON_BLOCKS = YES;
				GCC_WARN_64_TO_32_BIT_CONVERSION = YES;
				GCC_WARN_ABOUT_RETURN_TYPE = YES_ERROR;
				GCC_WARN_UNDECLARED_SELECTOR = YES;
				GCC_WARN_UNINITIALIZED_AUTOS = YES_AGGRESSIVE;
				GCC_WARN_UNUSED_FUNCTION = YES;
				GCC_WARN_UNUSED_VARIABLE = YES;
				IPHONEOS_DEPLOYMENT_TARGET = 10.0;
				MTL_ENABLE_DEBUG_INFO = NO;
				SDKROOT = iphoneos;
				SWIFT_OPTIMIZATION_LEVEL = "-Owholemodule";
				VALIDATE_PRODUCT = YES;
			};
			name = Release;
		};
		3592BA5C1DB17582009D9F43 /* Debug */ = {
			isa = XCBuildConfiguration;
			baseConfigurationReference = F0CA5017E15D5CC4C1B5395E /* Pods-clevhome.debug.xcconfig */;
			buildSettings = {
				ALWAYS_EMBED_SWIFT_STANDARD_LIBRARIES = YES;
				ASSETCATALOG_COMPILER_APPICON_NAME = AppIcon;
				DEVELOPMENT_TEAM = 93UBSK8PYK;
				INFOPLIST_FILE = clevhome/Info.plist;
				IPHONEOS_DEPLOYMENT_TARGET = 9.0;
				LD_RUNPATH_SEARCH_PATHS = "$(inherited) @executable_path/Frameworks";
				PRODUCT_BUNDLE_IDENTIFIER = com.clevware.clevhome;
				PRODUCT_NAME = "$(TARGET_NAME)";
				SWIFT_VERSION = 3.0;
			};
			name = Debug;
		};
		3592BA5D1DB17582009D9F43 /* Release */ = {
			isa = XCBuildConfiguration;
			baseConfigurationReference = A83DF3DFE7FAB2755AF518DC /* Pods-clevhome.release.xcconfig */;
			buildSettings = {
				ALWAYS_EMBED_SWIFT_STANDARD_LIBRARIES = YES;
				ASSETCATALOG_COMPILER_APPICON_NAME = AppIcon;
				DEVELOPMENT_TEAM = 93UBSK8PYK;
				INFOPLIST_FILE = clevhome/Info.plist;
				IPHONEOS_DEPLOYMENT_TARGET = 9.0;
				LD_RUNPATH_SEARCH_PATHS = "$(inherited) @executable_path/Frameworks";
				PRODUCT_BUNDLE_IDENTIFIER = com.clevware.clevhome;
				PRODUCT_NAME = "$(TARGET_NAME)";
				SWIFT_VERSION = 3.0;
			};
			name = Release;
		};
/* End XCBuildConfiguration section */

/* Begin XCConfigurationList section */
		3592BA421DB17581009D9F43 /* Build configuration list for PBXProject "clevhome" */ = {
			isa = XCConfigurationList;
			buildConfigurations = (
				3592BA591DB17582009D9F43 /* Debug */,
				3592BA5A1DB17582009D9F43 /* Release */,
			);
			defaultConfigurationIsVisible = 0;
			defaultConfigurationName = Release;
		};
		3592BA5B1DB17582009D9F43 /* Build configuration list for PBXNativeTarget "clevhome" */ = {
			isa = XCConfigurationList;
			buildConfigurations = (
				3592BA5C1DB17582009D9F43 /* Debug */,
				3592BA5D1DB17582009D9F43 /* Release */,
			);
			defaultConfigurationIsVisible = 0;
			defaultConfigurationName = Release;
		};
/* End XCConfigurationList section */
	};
	rootObject = 3592BA3F1DB17581009D9F43 /* Project object */;
}
